
Microsoft Visual Studio Solution File, Format Version 12.00
# Visual Studio 15
VisualStudioVersion = 15.0.26730.8
MinimumVisualStudioVersion = 10.0.40219.1
Project("{FAE04EC0-301F-11D3-BF4B-00C04F79EFBC}") = "XF_MoviesApp.Android", "XF_MoviesApp\XF_MoviesApp.Android\XF_MoviesApp.Android.csproj", "{D7C04650-D4D6-4592-B552-8E61ABF9CD30}"
EndProject
Project("{FAE04EC0-301F-11D3-BF4B-00C04F79EFBC}") = "XF_MoviesApp", "XF_MoviesApp\XF_MoviesApp\XF_MoviesApp.csproj", "{0C0764B5-4709-4E2B-BF3E-F9BCE92679F8}"
EndProject
Project("{FAE04EC0-301F-11D3-BF4B-00C04F79EFBC}") = "XF_MoviesApp.UWP", "XF_MoviesApp\XF_MoviesApp.UWP\XF_MoviesApp.UWP.csproj", "{F58E1405-65A8-4CF6-BE69-98193669CC3F}"
EndProject
Project("{FAE04EC0-301F-11D3-BF4B-00C04F79EFBC}") = "XF_MoviesApp.iOS", "XF_MoviesApp\XF_MoviesApp.iOS\XF_MoviesApp.iOS.csproj", "{F3567435-949D-4C63-A2C5-2C31F7EB5FD9}"
EndProject
Global
	GlobalSection(SolutionConfigurationPlatforms) = preSolution
		Ad-Hoc|Any CPU = Ad-Hoc|Any CPU
		Ad-Hoc|ARM = Ad-Hoc|ARM
		Ad-Hoc|iPhone = Ad-Hoc|iPhone
		Ad-Hoc|iPhoneSimulator = Ad-Hoc|iPhoneSimulator
		Ad-Hoc|x64 = Ad-Hoc|x64
		Ad-Hoc|x86 = Ad-Hoc|x86
		AppStore|Any CPU = AppStore|Any CPU
		AppStore|ARM = AppStore|ARM
		AppStore|iPhone = AppStore|iPhone
		AppStore|iPhoneSimulator = AppStore|iPhoneSimulator
		AppStore|x64 = AppStore|x64
		AppStore|x86 = AppStore|x86
		Debug|Any CPU = Debug|Any CPU
		Debug|ARM = Debug|ARM
		Debug|iPhone = Debug|iPhone
		Debug|iPhoneSimulator = Debug|iPhoneSimulator
		Debug|x64 = Debug|x64
		Debug|x86 = Debug|x86
		Release|Any CPU = Release|Any CPU
		Release|ARM = Release|ARM
		Release|iPhone = Release|iPhone
		Release|iPhoneSimulator = Release|iPhoneSimulator
		Release|x64 = Release|x64
		Release|x86 = Release|x86
	EndGlobalSection
	GlobalSection(ProjectConfigurationPlatforms) = postSolution
		{D7C04650-D4D6-4592-B552-8E61ABF9CD30}.Ad-Hoc|Any CPU.ActiveCfg = Release|Any CPU
		{D7C04650-D4D6-4592-B552-8E61ABF9CD30}.Ad-Hoc|Any CPU.Build.0 = Release|Any CPU
		{D7C04650-D4D6-4592-B552-8E61ABF9CD30}.Ad-Hoc|Any CPU.Deploy.0 = Release|Any CPU
		{D7C04650-D4D6-4592-B552-8E61ABF9CD30}.Ad-Hoc|ARM.ActiveCfg = Release|Any CPU
		{D7C04650-D4D6-4592-B552-8E61ABF9CD30}.Ad-Hoc|ARM.Build.0 = Release|Any CPU
		{D7C04650-D4D6-4592-B552-8E61ABF9CD30}.Ad-Hoc|ARM.Deploy.0 = Release|Any CPU
		{D7C04650-D4D6-4592-B552-8E61ABF9CD30}.Ad-Hoc|iPhone.ActiveCfg = Release|Any CPU
		{D7C04650-D4D6-4592-B552-8E61ABF9CD30}.Ad-Hoc|iPhone.Build.0 = Release|Any CPU
		{D7C04650-D4D6-4592-B552-8E61ABF9CD30}.Ad-Hoc|iPhone.Deploy.0 = Release|Any CPU
		{D7C04650-D4D6-4592-B552-8E61ABF9CD30}.Ad-Hoc|iPhoneSimulator.ActiveCfg = Release|Any CPU
		{D7C04650-D4D6-4592-B552-8E61ABF9CD30}.Ad-Hoc|iPhoneSimulator.Build.0 = Release|Any CPU
		{D7C04650-D4D6-4592-B552-8E61ABF9CD30}.Ad-Hoc|iPhoneSimulator.Deploy.0 = Release|Any CPU
		{D7C04650-D4D6-4592-B552-8E61ABF9CD30}.Ad-Hoc|x64.ActiveCfg = Release|Any CPU
		{D7C04650-D4D6-4592-B552-8E61ABF9CD30}.Ad-Hoc|x64.Build.0 = Release|Any CPU
		{D7C04650-D4D6-4592-B552-8E61ABF9CD30}.Ad-Hoc|x64.Deploy.0 = Release|Any CPU
		{D7C04650-D4D6-4592-B552-8E61ABF9CD30}.Ad-Hoc|x86.ActiveCfg = Release|Any CPU
		{D7C04650-D4D6-4592-B552-8E61ABF9CD30}.Ad-Hoc|x86.Build.0 = Release|Any CPU
		{D7C04650-D4D6-4592-B552-8E61ABF9CD30}.Ad-Hoc|x86.Deploy.0 = Release|Any CPU
		{D7C04650-D4D6-4592-B552-8E61ABF9CD30}.AppStore|Any CPU.ActiveCfg = Release|Any CPU
		{D7C04650-D4D6-4592-B552-8E61ABF9CD30}.AppStore|Any CPU.Build.0 = Release|Any CPU
		{D7C04650-D4D6-4592-B552-8E61ABF9CD30}.AppStore|Any CPU.Deploy.0 = Release|Any CPU
		{D7C04650-D4D6-4592-B552-8E61ABF9CD30}.AppStore|ARM.ActiveCfg = Release|Any CPU
		{D7C04650-D4D6-4592-B552-8E61ABF9CD30}.AppStore|ARM.Build.0 = Release|Any CPU
		{D7C04650-D4D6-4592-B552-8E61ABF9CD30}.AppStore|ARM.Deploy.0 = Release|Any CPU
		{D7C04650-D4D6-4592-B552-8E61ABF9CD30}.AppStore|iPhone.ActiveCfg = Release|Any CPU
		{D7C04650-D4D6-4592-B552-8E61ABF9CD30}.AppStore|iPhone.Build.0 = Release|Any CPU
		{D7C04650-D4D6-4592-B552-8E61ABF9CD30}.AppStore|iPhone.Deploy.0 = Release|Any CPU
		{D7C04650-D4D6-4592-B552-8E61ABF9CD30}.AppStore|iPhoneSimulator.ActiveCfg = Release|Any CPU
		{D7C04650-D4D6-4592-B552-8E61ABF9CD30}.AppStore|iPhoneSimulator.Build.0 = Release|Any CPU
		{D7C04650-D4D6-4592-B552-8E61ABF9CD30}.AppStore|iPhoneSimulator.Deploy.0 = Release|Any CPU
		{D7C04650-D4D6-4592-B552-8E61ABF9CD30}.AppStore|x64.ActiveCfg = Release|Any CPU
		{D7C04650-D4D6-4592-B552-8E61ABF9CD30}.AppStore|x64.Build.0 = Release|Any CPU
		{D7C04650-D4D6-4592-B552-8E61ABF9CD30}.AppStore|x64.Deploy.0 = Release|Any CPU
		{D7C04650-D4D6-4592-B552-8E61ABF9CD30}.AppStore|x86.ActiveCfg = Release|Any CPU
		{D7C04650-D4D6-4592-B552-8E61ABF9CD30}.AppStore|x86.Build.0 = Release|Any CPU
		{D7C04650-D4D6-4592-B552-8E61ABF9CD30}.AppStore|x86.Deploy.0 = Release|Any CPU
		{D7C04650-D4D6-4592-B552-8E61ABF9CD30}.Debug|Any CPU.ActiveCfg = Debug|Any CPU
		{D7C04650-D4D6-4592-B552-8E61ABF9CD30}.Debug|Any CPU.Build.0 = Debug|Any CPU
		{D7C04650-D4D6-4592-B552-8E61ABF9CD30}.Debug|Any CPU.Deploy.0 = Debug|Any CPU
		{D7C04650-D4D6-4592-B552-8E61ABF9CD30}.Debug|ARM.ActiveCfg = Debug|Any CPU
		{D7C04650-D4D6-4592-B552-8E61ABF9CD30}.Debug|ARM.Build.0 = Debug|Any CPU
		{D7C04650-D4D6-4592-B552-8E61ABF9CD30}.Debug|ARM.Deploy.0 = Debug|Any CPU
		{D7C04650-D4D6-4592-B552-8E61ABF9CD30}.Debug|iPhone.ActiveCfg = Debug|Any CPU
		{D7C04650-D4D6-4592-B552-8E61ABF9CD30}.Debug|iPhone.Build.0 = Debug|Any CPU
		{D7C04650-D4D6-4592-B552-8E61ABF9CD30}.Debug|iPhone.Deploy.0 = Debug|Any CPU
		{D7C04650-D4D6-4592-B552-8E61ABF9CD30}.Debug|iPhoneSimulator.ActiveCfg = Debug|Any CPU
		{D7C04650-D4D6-4592-B552-8E61ABF9CD30}.Debug|iPhoneSimulator.Build.0 = Debug|Any CPU
		{D7C04650-D4D6-4592-B552-8E61ABF9CD30}.Debug|iPhoneSimulator.Deploy.0 = Debug|Any CPU
		{D7C04650-D4D6-4592-B552-8E61ABF9CD30}.Debug|x64.ActiveCfg = Debug|Any CPU
		{D7C04650-D4D6-4592-B552-8E61ABF9CD30}.Debug|x64.Build.0 = Debug|Any CPU
		{D7C04650-D4D6-4592-B552-8E61ABF9CD30}.Debug|x64.Deploy.0 = Debug|Any CPU
		{D7C04650-D4D6-4592-B552-8E61ABF9CD30}.Debug|x86.ActiveCfg = Debug|Any CPU
		{D7C04650-D4D6-4592-B552-8E61ABF9CD30}.Debug|x86.Build.0 = Debug|Any CPU
		{D7C04650-D4D6-4592-B552-8E61ABF9CD30}.Debug|x86.Deploy.0 = Debug|Any CPU
		{D7C04650-D4D6-4592-B552-8E61ABF9CD30}.Release|Any CPU.ActiveCfg = Release|Any CPU
		{D7C04650-D4D6-4592-B552-8E61ABF9CD30}.Release|Any CPU.Build.0 = Release|Any CPU
		{D7C04650-D4D6-4592-B552-8E61ABF9CD30}.Release|Any CPU.Deploy.0 = Release|Any CPU
		{D7C04650-D4D6-4592-B552-8E61ABF9CD30}.Release|ARM.ActiveCfg = Release|Any CPU
		{D7C04650-D4D6-4592-B552-8E61ABF9CD30}.Release|ARM.Build.0 = Release|Any CPU
		{D7C04650-D4D6-4592-B552-8E61ABF9CD30}.Release|ARM.Deploy.0 = Release|Any CPU
		{D7C04650-D4D6-4592-B552-8E61ABF9CD30}.Release|iPhone.ActiveCfg = Release|Any CPU
		{D7C04650-D4D6-4592-B552-8E61ABF9CD30}.Release|iPhone.Build.0 = Release|Any CPU
		{D7C04650-D4D6-4592-B552-8E61ABF9CD30}.Release|iPhone.Deploy.0 = Release|Any CPU
		{D7C04650-D4D6-4592-B552-8E61ABF9CD30}.Release|iPhoneSimulator.ActiveCfg = Release|Any CPU
		{D7C04650-D4D6-4592-B552-8E61ABF9CD30}.Release|iPhoneSimulator.Build.0 = Release|Any CPU
		{D7C04650-D4D6-4592-B552-8E61ABF9CD30}.Release|iPhoneSimulator.Deploy.0 = Release|Any CPU
		{D7C04650-D4D6-4592-B552-8E61ABF9CD30}.Release|x64.ActiveCfg = Release|Any CPU
		{D7C04650-D4D6-4592-B552-8E61ABF9CD30}.Release|x64.Build.0 = Release|Any CPU
		{D7C04650-D4D6-4592-B552-8E61ABF9CD30}.Release|x64.Deploy.0 = Release|Any CPU
		{D7C04650-D4D6-4592-B552-8E61ABF9CD30}.Release|x86.ActiveCfg = Release|Any CPU
		{D7C04650-D4D6-4592-B552-8E61ABF9CD30}.Release|x86.Build.0 = Release|Any CPU
		{D7C04650-D4D6-4592-B552-8E61ABF9CD30}.Release|x86.Deploy.0 = Release|Any CPU
		{0C0764B5-4709-4E2B-BF3E-F9BCE92679F8}.Ad-Hoc|Any CPU.ActiveCfg = Release|Any CPU
		{0C0764B5-4709-4E2B-BF3E-F9BCE92679F8}.Ad-Hoc|Any CPU.Build.0 = Release|Any CPU
		{0C0764B5-4709-4E2B-BF3E-F9BCE92679F8}.Ad-Hoc|ARM.ActiveCfg = Release|Any CPU
		{0C0764B5-4709-4E2B-BF3E-F9BCE92679F8}.Ad-Hoc|ARM.Build.0 = Release|Any CPU
		{0C0764B5-4709-4E2B-BF3E-F9BCE92679F8}.Ad-Hoc|iPhone.ActiveCfg = Release|Any CPU
		{0C0764B5-4709-4E2B-BF3E-F9BCE92679F8}.Ad-Hoc|iPhone.Build.0 = Release|Any CPU
		{0C0764B5-4709-4E2B-BF3E-F9BCE92679F8}.Ad-Hoc|iPhoneSimulator.ActiveCfg = Release|Any CPU
		{0C0764B5-4709-4E2B-BF3E-F9BCE92679F8}.Ad-Hoc|iPhoneSimulator.Build.0 = Release|Any CPU
		{0C0764B5-4709-4E2B-BF3E-F9BCE92679F8}.Ad-Hoc|x64.ActiveCfg = Release|Any CPU
		{0C0764B5-4709-4E2B-BF3E-F9BCE92679F8}.Ad-Hoc|x64.Build.0 = Release|Any CPU
		{0C0764B5-4709-4E2B-BF3E-F9BCE92679F8}.Ad-Hoc|x86.ActiveCfg = Release|Any CPU
		{0C0764B5-4709-4E2B-BF3E-F9BCE92679F8}.Ad-Hoc|x86.Build.0 = Release|Any CPU
		{0C0764B5-4709-4E2B-BF3E-F9BCE92679F8}.AppStore|Any CPU.ActiveCfg = Release|Any CPU
		{0C0764B5-4709-4E2B-BF3E-F9BCE92679F8}.AppStore|Any CPU.Build.0 = Release|Any CPU
		{0C0764B5-4709-4E2B-BF3E-F9BCE92679F8}.AppStore|ARM.ActiveCfg = Release|Any CPU
		{0C0764B5-4709-4E2B-BF3E-F9BCE92679F8}.AppStore|ARM.Build.0 = Release|Any CPU
		{0C0764B5-4709-4E2B-BF3E-F9BCE92679F8}.AppStore|iPhone.ActiveCfg = Release|Any CPU
		{0C0764B5-4709-4E2B-BF3E-F9BCE92679F8}.AppStore|iPhone.Build.0 = Release|Any CPU
		{0C0764B5-4709-4E2B-BF3E-F9BCE92679F8}.AppStore|iPhoneSimulator.ActiveCfg = Release|Any CPU
		{0C0764B5-4709-4E2B-BF3E-F9BCE92679F8}.AppStore|iPhoneSimulator.Build.0 = Release|Any CPU
		{0C0764B5-4709-4E2B-BF3E-F9BCE92679F8}.AppStore|x64.ActiveCfg = Release|Any CPU
		{0C0764B5-4709-4E2B-BF3E-F9BCE92679F8}.AppStore|x64.Build.0 = Release|Any CPU
		{0C0764B5-4709-4E2B-BF3E-F9BCE92679F8}.AppStore|x86.ActiveCfg = Release|Any CPU
		{0C0764B5-4709-4E2B-BF3E-F9BCE92679F8}.AppStore|x86.Build.0 = Release|Any CPU
		{0C0764B5-4709-4E2B-BF3E-F9BCE92679F8}.Debug|Any CPU.ActiveCfg = Debug|Any CPU
		{0C0764B5-4709-4E2B-BF3E-F9BCE92679F8}.Debug|Any CPU.Build.0 = Debug|Any CPU
		{0C0764B5-4709-4E2B-BF3E-F9BCE92679F8}.Debug|ARM.ActiveCfg = Debug|Any CPU
		{0C0764B5-4709-4E2B-BF3E-F9BCE92679F8}.Debug|ARM.Build.0 = Debug|Any CPU
		{0C0764B5-4709-4E2B-BF3E-F9BCE92679F8}.Debug|iPhone.ActiveCfg = Debug|Any CPU
		{0C0764B5-4709-4E2B-BF3E-F9BCE92679F8}.Debug|iPhone.Build.0 = Debug|Any CPU
		{0C0764B5-4709-4E2B-BF3E-F9BCE92679F8}.Debug|iPhoneSimulator.ActiveCfg = Debug|Any CPU
		{0C0764B5-4709-4E2B-BF3E-F9BCE92679F8}.Debug|iPhoneSimulator.Build.0 = Debug|Any CPU
		{0C0764B5-4709-4E2B-BF3E-F9BCE92679F8}.Debug|x64.ActiveCfg = Debug|Any CPU
		{0C0764B5-4709-4E2B-BF3E-F9BCE92679F8}.Debug|x64.Build.0 = Debug|Any CPU
		{0C0764B5-4709-4E2B-BF3E-F9BCE92679F8}.Debug|x86.ActiveCfg = Debug|Any CPU
		{0C0764B5-4709-4E2B-BF3E-F9BCE92679F8}.Debug|x86.Build.0 = Debug|Any CPU
		{0C0764B5-4709-4E2B-BF3E-F9BCE92679F8}.Release|Any CPU.ActiveCfg = Release|Any CPU
		{0C0764B5-4709-4E2B-BF3E-F9BCE92679F8}.Release|Any CPU.Build.0 = Release|Any CPU
		{0C0764B5-4709-4E2B-BF3E-F9BCE92679F8}.Release|ARM.ActiveCfg = Release|Any CPU
		{0C0764B5-4709-4E2B-BF3E-F9BCE92679F8}.Release|ARM.Build.0 = Release|Any CPU
		{0C0764B5-4709-4E2B-BF3E-F9BCE92679F8}.Release|iPhone.ActiveCfg = Release|Any CPU
		{0C0764B5-4709-4E2B-BF3E-F9BCE92679F8}.Release|iPhone.Build.0 = Release|Any CPU
		{0C0764B5-4709-4E2B-BF3E-F9BCE92679F8}.Release|iPhoneSimulator.ActiveCfg = Release|Any CPU
		{0C0764B5-4709-4E2B-BF3E-F9BCE92679F8}.Release|iPhoneSimulator.Build.0 = Release|Any CPU
		{0C0764B5-4709-4E2B-BF3E-F9BCE92679F8}.Release|x64.ActiveCfg = Release|Any CPU
		{0C0764B5-4709-4E2B-BF3E-F9BCE92679F8}.Release|x64.Build.0 = Release|Any CPU
		{0C0764B5-4709-4E2B-BF3E-F9BCE92679F8}.Release|x86.ActiveCfg = Release|Any CPU
		{0C0764B5-4709-4E2B-BF3E-F9BCE92679F8}.Release|x86.Build.0 = Release|Any CPU
		{F58E1405-65A8-4CF6-BE69-98193669CC3F}.Ad-Hoc|Any CPU.ActiveCfg = Release|x86
		{F58E1405-65A8-4CF6-BE69-98193669CC3F}.Ad-Hoc|Any CPU.Build.0 = Release|x86
		{F58E1405-65A8-4CF6-BE69-98193669CC3F}.Ad-Hoc|Any CPU.Deploy.0 = Release|x86
		{F58E1405-65A8-4CF6-BE69-98193669CC3F}.Ad-Hoc|ARM.ActiveCfg = Release|ARM
		{F58E1405-65A8-4CF6-BE69-98193669CC3F}.Ad-Hoc|ARM.Build.0 = Release|ARM
		{F58E1405-65A8-4CF6-BE69-98193669CC3F}.Ad-Hoc|ARM.Deploy.0 = Release|ARM
		{F58E1405-65A8-4CF6-BE69-98193669CC3F}.Ad-Hoc|iPhone.ActiveCfg = Release|x86
		{F58E1405-65A8-4CF6-BE69-98193669CC3F}.Ad-Hoc|iPhone.Build.0 = Release|x86
		{F58E1405-65A8-4CF6-BE69-98193669CC3F}.Ad-Hoc|iPhone.Deploy.0 = Release|x86
		{F58E1405-65A8-4CF6-BE69-98193669CC3F}.Ad-Hoc|iPhoneSimulator.ActiveCfg = Release|x86
		{F58E1405-65A8-4CF6-BE69-98193669CC3F}.Ad-Hoc|iPhoneSimulator.Build.0 = Release|x86
		{F58E1405-65A8-4CF6-BE69-98193669CC3F}.Ad-Hoc|iPhoneSimulator.Deploy.0 = Release|x86
		{F58E1405-65A8-4CF6-BE69-98193669CC3F}.Ad-Hoc|x64.ActiveCfg = Release|x64
		{F58E1405-65A8-4CF6-BE69-98193669CC3F}.Ad-Hoc|x64.Build.0 = Release|x64
		{F58E1405-65A8-4CF6-BE69-98193669CC3F}.Ad-Hoc|x64.Deploy.0 = Release|x64
		{F58E1405-65A8-4CF6-BE69-98193669CC3F}.Ad-Hoc|x86.ActiveCfg = Release|x86
		{F58E1405-65A8-4CF6-BE69-98193669CC3F}.Ad-Hoc|x86.Build.0 = Release|x86
		{F58E1405-65A8-4CF6-BE69-98193669CC3F}.Ad-Hoc|x86.Deploy.0 = Release|x86
		{F58E1405-65A8-4CF6-BE69-98193669CC3F}.AppStore|Any CPU.ActiveCfg = Release|x86
		{F58E1405-65A8-4CF6-BE69-98193669CC3F}.AppStore|Any CPU.Build.0 = Release|x86
		{F58E1405-65A8-4CF6-BE69-98193669CC3F}.AppStore|Any CPU.Deploy.0 = Release|x86
		{F58E1405-65A8-4CF6-BE69-98193669CC3F}.AppStore|ARM.ActiveCfg = Release|ARM
		{F58E1405-65A8-4CF6-BE69-98193669CC3F}.AppStore|ARM.Build.0 = Release|ARM
		{F58E1405-65A8-4CF6-BE69-98193669CC3F}.AppStore|ARM.Deploy.0 = Release|ARM
		{F58E1405-65A8-4CF6-BE69-98193669CC3F}.AppStore|iPhone.ActiveCfg = Release|x86
		{F58E1405-65A8-4CF6-BE69-98193669CC3F}.AppStore|iPhone.Build.0 = Release|x86
		{F58E1405-65A8-4CF6-BE69-98193669CC3F}.AppStore|iPhone.Deploy.0 = Release|x86
		{F58E1405-65A8-4CF6-BE69-98193669CC3F}.AppStore|iPhoneSimulator.ActiveCfg = Release|x86
		{F58E1405-65A8-4CF6-BE69-98193669CC3F}.AppStore|iPhoneSimulator.Build.0 = Release|x86
		{F58E1405-65A8-4CF6-BE69-98193669CC3F}.AppStore|iPhoneSimulator.Deploy.0 = Release|x86
		{F58E1405-65A8-4CF6-BE69-98193669CC3F}.AppStore|x64.ActiveCfg = Release|x64
		{F58E1405-65A8-4CF6-BE69-98193669CC3F}.AppStore|x64.Build.0 = Release|x64
		{F58E1405-65A8-4CF6-BE69-98193669CC3F}.AppStore|x64.Deploy.0 = Release|x64
		{F58E1405-65A8-4CF6-BE69-98193669CC3F}.AppStore|x86.ActiveCfg = Release|x86
		{F58E1405-65A8-4CF6-BE69-98193669CC3F}.AppStore|x86.Build.0 = Release|x86
		{F58E1405-65A8-4CF6-BE69-98193669CC3F}.AppStore|x86.Deploy.0 = Release|x86
		{F58E1405-65A8-4CF6-BE69-98193669CC3F}.Debug|Any CPU.ActiveCfg = Debug|x86
		{F58E1405-65A8-4CF6-BE69-98193669CC3F}.Debug|ARM.ActiveCfg = Debug|ARM
		{F58E1405-65A8-4CF6-BE69-98193669CC3F}.Debug|ARM.Build.0 = Debug|ARM
		{F58E1405-65A8-4CF6-BE69-98193669CC3F}.Debug|ARM.Deploy.0 = Debug|ARM
		{F58E1405-65A8-4CF6-BE69-98193669CC3F}.Debug|iPhone.ActiveCfg = Debug|x86
		{F58E1405-65A8-4CF6-BE69-98193669CC3F}.Debug|iPhoneSimulator.ActiveCfg = Debug|x86
		{F58E1405-65A8-4CF6-BE69-98193669CC3F}.Debug|x64.ActiveCfg = Debug|x64
		{F58E1405-65A8-4CF6-BE69-98193669CC3F}.Debug|x64.Build.0 = Debug|x64
		{F58E1405-65A8-4CF6-BE69-98193669CC3F}.Debug|x64.Deploy.0 = Debug|x64
		{F58E1405-65A8-4CF6-BE69-98193669CC3F}.Debug|x86.ActiveCfg = Debug|x86
		{F58E1405-65A8-4CF6-BE69-98193669CC3F}.Debug|x86.Build.0 = Debug|x86
		{F58E1405-65A8-4CF6-BE69-98193669CC3F}.Debug|x86.Deploy.0 = Debug|x86
		{F58E1405-65A8-4CF6-BE69-98193669CC3F}.Release|Any CPU.ActiveCfg = Release|x86
		{F58E1405-65A8-4CF6-BE69-98193669CC3F}.Release|ARM.ActiveCfg = Release|ARM
		{F58E1405-65A8-4CF6-BE69-98193669CC3F}.Release|ARM.Build.0 = Release|ARM
		{F58E1405-65A8-4CF6-BE69-98193669CC3F}.Release|ARM.Deploy.0 = Release|ARM
		{F58E1405-65A8-4CF6-BE69-98193669CC3F}.Release|iPhone.ActiveCfg = Release|x86
		{F58E1405-65A8-4CF6-BE69-98193669CC3F}.Release|iPhoneSimulator.ActiveCfg = Release|x86
		{F58E1405-65A8-4CF6-BE69-98193669CC3F}.Release|x64.ActiveCfg = Release|x64
		{F58E1405-65A8-4CF6-BE69-98193669CC3F}.Release|x64.Build.0 = Release|x64
		{F58E1405-65A8-4CF6-BE69-98193669CC3F}.Release|x64.Deploy.0 = Release|x64
		{F58E1405-65A8-4CF6-BE69-98193669CC3F}.Release|x86.ActiveCfg = Release|x86
		{F58E1405-65A8-4CF6-BE69-98193669CC3F}.Release|x86.Build.0 = Release|x86
		{F58E1405-65A8-4CF6-BE69-98193669CC3F}.Release|x86.Deploy.0 = Release|x86
		{F3567435-949D-4C63-A2C5-2C31F7EB5FD9}.Ad-Hoc|Any CPU.ActiveCfg = Ad-Hoc|iPhone
		{F3567435-949D-4C63-A2C5-2C31F7EB5FD9}.Ad-Hoc|ARM.ActiveCfg = Ad-Hoc|iPhone
		{F3567435-949D-4C63-A2C5-2C31F7EB5FD9}.Ad-Hoc|iPhone.ActiveCfg = Ad-Hoc|iPhone
		{F3567435-949D-4C63-A2C5-2C31F7EB5FD9}.Ad-Hoc|iPhone.Build.0 = Ad-Hoc|iPhone
		{F3567435-949D-4C63-A2C5-2C31F7EB5FD9}.Ad-Hoc|iPhoneSimulator.ActiveCfg = Ad-Hoc|iPhoneSimulator
		{F3567435-949D-4C63-A2C5-2C31F7EB5FD9}.Ad-Hoc|iPhoneSimulator.Build.0 = Ad-Hoc|iPhoneSimulator
		{F3567435-949D-4C63-A2C5-2C31F7EB5FD9}.Ad-Hoc|x64.ActiveCfg = Ad-Hoc|iPhone
		{F3567435-949D-4C63-A2C5-2C31F7EB5FD9}.Ad-Hoc|x86.ActiveCfg = Ad-Hoc|iPhone
		{F3567435-949D-4C63-A2C5-2C31F7EB5FD9}.AppStore|Any CPU.ActiveCfg = AppStore|iPhone
		{F3567435-949D-4C63-A2C5-2C31F7EB5FD9}.AppStore|ARM.ActiveCfg = AppStore|iPhone
		{F3567435-949D-4C63-A2C5-2C31F7EB5FD9}.AppStore|iPhone.ActiveCfg = AppStore|iPhone
		{F3567435-949D-4C63-A2C5-2C31F7EB5FD9}.AppStore|iPhone.Build.0 = AppStore|iPhone
		{F3567435-949D-4C63-A2C5-2C31F7EB5FD9}.AppStore|iPhoneSimulator.ActiveCfg = AppStore|iPhoneSimulator
		{F3567435-949D-4C63-A2C5-2C31F7EB5FD9}.AppStore|iPhoneSimulator.Build.0 = AppStore|iPhoneSimulator
		{F3567435-949D-4C63-A2C5-2C31F7EB5FD9}.AppStore|x64.ActiveCfg = AppStore|iPhone
		{F3567435-949D-4C63-A2C5-2C31F7EB5FD9}.AppStore|x86.ActiveCfg = AppStore|iPhone
		{F3567435-949D-4C63-A2C5-2C31F7EB5FD9}.Debug|Any CPU.ActiveCfg = Debug|iPhone
		{F3567435-949D-4C63-A2C5-2C31F7EB5FD9}.Debug|ARM.ActiveCfg = Debug|iPhone
		{F3567435-949D-4C63-A2C5-2C31F7EB5FD9}.Debug|iPhone.ActiveCfg = Debug|iPhone
		{F3567435-949D-4C63-A2C5-2C31F7EB5FD9}.Debug|iPhone.Build.0 = Debug|iPhone
		{F3567435-949D-4C63-A2C5-2C31F7EB5FD9}.Debug|iPhoneSimulator.ActiveCfg = Debug|iPhoneSimulator
		{F3567435-949D-4C63-A2C5-2C31F7EB5FD9}.Debug|iPhoneSimulator.Build.0 = Debug|iPhoneSimulator
		{F3567435-949D-4C63-A2C5-2C31F7EB5FD9}.Debug|x64.ActiveCfg = Debug|iPhone
		{F3567435-949D-4C63-A2C5-2C31F7EB5FD9}.Debug|x86.ActiveCfg = Debug|iPhone
		{F3567435-949D-4C63-A2C5-2C31F7EB5FD9}.Release|Any CPU.ActiveCfg = Release|iPhone
		{F3567435-949D-4C63-A2C5-2C31F7EB5FD9}.Release|ARM.ActiveCfg = Release|iPhone
		{F3567435-949D-4C63-A2C5-2C31F7EB5FD9}.Release|iPhone.ActiveCfg = Release|iPhone
		{F3567435-949D-4C63-A2C5-2C31F7EB5FD9}.Release|iPhone.Build.0 = Release|iPhone
		{F3567435-949D-4C63-A2C5-2C31F7EB5FD9}.Release|iPhoneSimulator.ActiveCfg = Release|iPhoneSimulator
		{F3567435-949D-4C63-A2C5-2C31F7EB5FD9}.Release|iPhoneSimulator.Build.0 = Release|iPhoneSimulator
		{F3567435-949D-4C63-A2C5-2C31F7EB5FD9}.Release|x64.ActiveCfg = Release|iPhone
		{F3567435-949D-4C63-A2C5-2C31F7EB5FD9}.Release|x86.ActiveCfg = Release|iPhone
	EndGlobalSection
	GlobalSection(SolutionProperties) = preSolution
		HideSolutionNode = FALSE
	EndGlobalSection
	GlobalSection(ExtensibilityGlobals) = postSolution
		SolutionGuid = {2A487FDE-40F1-412C-808D-5EAD36484151}
	EndGlobalSection
EndGlobal
